
Microsoft Visual Studio Solution File, Format Version 12.00
# Visual Studio Version 17
VisualStudioVersion = 17.7.34024.191
MinimumVisualStudioVersion = 10.0.40219.1
Project("{FAE04EC0-301F-11D3-BF4B-00C04F79EFBC}") = "homework №6", "homework №6\homework №6.csproj", "{B313AEA6-F5AC-4D22-82B3-2E0F04297879}"
EndProject
Global
	GlobalSection(SolutionConfigurationPlatforms) = preSolution
		Debug|Any CPU = Debug|Any CPU
		Release|Any CPU = Release|Any CPU
	EndGlobalSection
	GlobalSection(ProjectConfigurationPlatforms) = postSolution
		{B313AEA6-F5AC-4D22-82B3-2E0F04297879}.Debug|Any CPU.ActiveCfg = Debug|Any CPU
		{B313AEA6-F5AC-4D22-82B3-2E0F04297879}.Debug|Any CPU.Build.0 = Debug|Any CPU
		{B313AEA6-F5AC-4D22-82B3-2E0F04297879}.Release|Any CPU.ActiveCfg = Release|Any CPU
		{B313AEA6-F5AC-4D22-82B3-2E0F04297879}.Release|Any CPU.Build.0 = Release|Any CPU
	EndGlobalSection
	GlobalSection(SolutionProperties) = preSolution
		HideSolutionNode = FALSE
	EndGlobalSection
	GlobalSection(ExtensibilityGlobals) = postSolution
		SolutionGuid = {F15D14DC-B6D5-4D89-8F36-8DE9FB41B1CC}
	EndGlobalSection
EndGlobal
