
Microsoft Visual Studio Solution File, Format Version 12.00
# Visual Studio Version 17
VisualStudioVersion = 17.7.34024.191
MinimumVisualStudioVersion = 10.0.40219.1
Project("{FAE04EC0-301F-11D3-BF4B-00C04F79EFBC}") = "Domashka №3", "Domashka №3\Domashka №3.csproj", "{CC687DD4-4E16-4A77-9E93-C3068AA3BEF8}"
EndProject
Global
	GlobalSection(SolutionConfigurationPlatforms) = preSolution
		Debug|Any CPU = Debug|Any CPU
		Release|Any CPU = Release|Any CPU
	EndGlobalSection
	GlobalSection(ProjectConfigurationPlatforms) = postSolution
		{CC687DD4-4E16-4A77-9E93-C3068AA3BEF8}.Debug|Any CPU.ActiveCfg = Debug|Any CPU
		{CC687DD4-4E16-4A77-9E93-C3068AA3BEF8}.Debug|Any CPU.Build.0 = Debug|Any CPU
		{CC687DD4-4E16-4A77-9E93-C3068AA3BEF8}.Release|Any CPU.ActiveCfg = Release|Any CPU
		{CC687DD4-4E16-4A77-9E93-C3068AA3BEF8}.Release|Any CPU.Build.0 = Release|Any CPU
	EndGlobalSection
	GlobalSection(SolutionProperties) = preSolution
		HideSolutionNode = FALSE
	EndGlobalSection
	GlobalSection(ExtensibilityGlobals) = postSolution
		SolutionGuid = {C28C1571-3ADB-4DC7-80FA-BA3248D535A9}
	EndGlobalSection
EndGlobal
