
Microsoft Visual Studio Solution File, Format Version 12.00
# Visual Studio Version 17
VisualStudioVersion = 17.7.34024.191
MinimumVisualStudioVersion = 10.0.40219.1
Project("{FAE04EC0-301F-11D3-BF4B-00C04F79EFBC}") = "homework №8", "homework №8\homework №8.csproj", "{D2082AA5-C31E-4A1B-A3E1-A3C5A996CA94}"
EndProject
Global
	GlobalSection(SolutionConfigurationPlatforms) = preSolution
		Debug|Any CPU = Debug|Any CPU
		Release|Any CPU = Release|Any CPU
	EndGlobalSection
	GlobalSection(ProjectConfigurationPlatforms) = postSolution
		{D2082AA5-C31E-4A1B-A3E1-A3C5A996CA94}.Debug|Any CPU.ActiveCfg = Debug|Any CPU
		{D2082AA5-C31E-4A1B-A3E1-A3C5A996CA94}.Debug|Any CPU.Build.0 = Debug|Any CPU
		{D2082AA5-C31E-4A1B-A3E1-A3C5A996CA94}.Release|Any CPU.ActiveCfg = Release|Any CPU
		{D2082AA5-C31E-4A1B-A3E1-A3C5A996CA94}.Release|Any CPU.Build.0 = Release|Any CPU
	EndGlobalSection
	GlobalSection(SolutionProperties) = preSolution
		HideSolutionNode = FALSE
	EndGlobalSection
	GlobalSection(ExtensibilityGlobals) = postSolution
		SolutionGuid = {7730F3F0-FA4E-48E3-8341-63A1FBB403B5}
	EndGlobalSection
EndGlobal
