
Microsoft Visual Studio Solution File, Format Version 12.00
# Visual Studio Version 17
VisualStudioVersion = 17.7.34024.191
MinimumVisualStudioVersion = 10.0.40219.1
Project("{FAE04EC0-301F-11D3-BF4B-00C04F79EFBC}") = "homework №2", "homework №2\homework №2.csproj", "{997A8885-E62F-498A-8DC5-E5E1E294AE00}"
EndProject
Global
	GlobalSection(SolutionConfigurationPlatforms) = preSolution
		Debug|Any CPU = Debug|Any CPU
		Release|Any CPU = Release|Any CPU
	EndGlobalSection
	GlobalSection(ProjectConfigurationPlatforms) = postSolution
		{997A8885-E62F-498A-8DC5-E5E1E294AE00}.Debug|Any CPU.ActiveCfg = Debug|Any CPU
		{997A8885-E62F-498A-8DC5-E5E1E294AE00}.Debug|Any CPU.Build.0 = Debug|Any CPU
		{997A8885-E62F-498A-8DC5-E5E1E294AE00}.Release|Any CPU.ActiveCfg = Release|Any CPU
		{997A8885-E62F-498A-8DC5-E5E1E294AE00}.Release|Any CPU.Build.0 = Release|Any CPU
	EndGlobalSection
	GlobalSection(SolutionProperties) = preSolution
		HideSolutionNode = FALSE
	EndGlobalSection
	GlobalSection(ExtensibilityGlobals) = postSolution
		SolutionGuid = {7BD6BBD3-C292-47FD-B78A-5F1F8C228148}
	EndGlobalSection
EndGlobal
