
Microsoft Visual Studio Solution File, Format Version 12.00
# Visual Studio Version 17
VisualStudioVersion = 17.7.34024.191
MinimumVisualStudioVersion = 10.0.40219.1
Project("{FAE04EC0-301F-11D3-BF4B-00C04F79EFBC}") = "homework №7", "homework №7\homework №7.csproj", "{D9A87E0D-395B-4D7C-90E2-4D245BCC0CED}"
EndProject
Global
	GlobalSection(SolutionConfigurationPlatforms) = preSolution
		Debug|Any CPU = Debug|Any CPU
		Release|Any CPU = Release|Any CPU
	EndGlobalSection
	GlobalSection(ProjectConfigurationPlatforms) = postSolution
		{D9A87E0D-395B-4D7C-90E2-4D245BCC0CED}.Debug|Any CPU.ActiveCfg = Debug|Any CPU
		{D9A87E0D-395B-4D7C-90E2-4D245BCC0CED}.Debug|Any CPU.Build.0 = Debug|Any CPU
		{D9A87E0D-395B-4D7C-90E2-4D245BCC0CED}.Release|Any CPU.ActiveCfg = Release|Any CPU
		{D9A87E0D-395B-4D7C-90E2-4D245BCC0CED}.Release|Any CPU.Build.0 = Release|Any CPU
	EndGlobalSection
	GlobalSection(SolutionProperties) = preSolution
		HideSolutionNode = FALSE
	EndGlobalSection
	GlobalSection(ExtensibilityGlobals) = postSolution
		SolutionGuid = {6C73570A-3920-44B7-855A-6CA14E2E9AB2}
	EndGlobalSection
EndGlobal
